
Microsoft Visual Studio Solution File, Format Version 11.00
# Visual Studio 2010
Project("{8BC9CEB8-8B4A-11D0-8D11-00A0C91BC942}") = "AI_Diplom", "AI_Diplom\AI_Diplom.vcxproj", "{15FE41AB-B9AF-49D7-802E-67B26FD60F94}"
EndProject
Project("{2150E333-8FDC-42A3-9474-1A3956D46DE8}") = ".nuget", ".nuget", "{3B6B3D88-95ED-4FB1-B032-5D5801ABE883}"
	ProjectSection(SolutionItems) = preProject
		.nuget\NuGet.Config = .nuget\NuGet.Config
		.nuget\NuGet.exe = .nuget\NuGet.exe
		.nuget\NuGet.targets = .nuget\NuGet.targets
	EndProjectSection
EndProject
Global
	GlobalSection(SolutionConfigurationPlatforms) = preSolution
		Debug|Win32 = Debug|Win32
		Release|Win32 = Release|Win32
	EndGlobalSection
	GlobalSection(ProjectConfigurationPlatforms) = postSolution
		{15FE41AB-B9AF-49D7-802E-67B26FD60F94}.Debug|Win32.ActiveCfg = Debug|Win32
		{15FE41AB-B9AF-49D7-802E-67B26FD60F94}.Debug|Win32.Build.0 = Debug|Win32
		{15FE41AB-B9AF-49D7-802E-67B26FD60F94}.Release|Win32.ActiveCfg = Release|Win32
		{15FE41AB-B9AF-49D7-802E-67B26FD60F94}.Release|Win32.Build.0 = Release|Win32
	EndGlobalSection
	GlobalSection(SolutionProperties) = preSolution
		HideSolutionNode = FALSE
	EndGlobalSection
EndGlobal
